// !$*UTF8*$!
{
	archiveVersion = 1;
	classes = {
	};
	objectVersion = 56;
	objects = {

/* Begin PBXBuildFile section */
		417146E22B1F30FE00E91494 /* TFStyleViewModifier.swift in Sources */ = {isa = PBXBuildFile; fileRef = 417146E12B1F30FE00E91494 /* TFStyleViewModifier.swift */; };
		417146E42B1F32D400E91494 /* StartVM.swift in Sources */ = {isa = PBXBuildFile; fileRef = 417146E32B1F32D400E91494 /* StartVM.swift */; };
		417146E62B1F36D200E91494 /* StartTextField.swift in Sources */ = {isa = PBXBuildFile; fileRef = 417146E52B1F36D200E91494 /* StartTextField.swift */; };
		41FCC8392B1EEC110024A928 /* CleanAreaApp.swift in Sources */ = {isa = PBXBuildFile; fileRef = 41FCC8382B1EEC110024A928 /* CleanAreaApp.swift */; };
		41FCC83B2B1EEC110024A928 /* ContentView.swift in Sources */ = {isa = PBXBuildFile; fileRef = 41FCC83A2B1EEC110024A928 /* ContentView.swift */; };
		41FCC83D2B1EEC140024A928 /* Assets.xcassets in Resources */ = {isa = PBXBuildFile; fileRef = 41FCC83C2B1EEC140024A928 /* Assets.xcassets */; };
		41FCC8412B1EEC140024A928 /* Preview Assets.xcassets in Resources */ = {isa = PBXBuildFile; fileRef = 41FCC8402B1EEC140024A928 /* Preview Assets.xcassets */; };
		41FCC84A2B1EF06E0024A928 /* StartView.swift in Sources */ = {isa = PBXBuildFile; fileRef = 41FCC8492B1EF06E0024A928 /* StartView.swift */; };
		5C10AE3D2B202D5400408F18 /* ApiKeys.plist in Sources */ = {isa = PBXBuildFile; fileRef = 5C10AE3C2B202D5400408F18 /* ApiKeys.plist */; };
		5C10AE3F2B202D6000408F18 /* APIViewModel.swift in Sources */ = {isa = PBXBuildFile; fileRef = 5C10AE3E2B202D6000408F18 /* APIViewModel.swift */; };
		5C10AE412B202D6800408F18 /* YouthPolicyListParser.swift in Sources */ = {isa = PBXBuildFile; fileRef = 5C10AE402B202D6800408F18 /* YouthPolicyListParser.swift */; };
		5C10AE432B202D9D00408F18 /* APIModel.swift in Sources */ = {isa = PBXBuildFile; fileRef = 5C10AE422B202D9D00408F18 /* APIModel.swift */; };
		5C10AE452B203CEE00408F18 /* TestView.swift in Sources */ = {isa = PBXBuildFile; fileRef = 5C10AE442B203CEE00408F18 /* TestView.swift */; };
/* End PBXBuildFile section */

/* Begin PBXFileReference section */
		417146E12B1F30FE00E91494 /* TFStyleViewModifier.swift */ = {isa = PBXFileReference; lastKnownFileType = sourcecode.swift; path = TFStyleViewModifier.swift; sourceTree = "<group>"; };
		417146E32B1F32D400E91494 /* StartVM.swift */ = {isa = PBXFileReference; lastKnownFileType = sourcecode.swift; path = StartVM.swift; sourceTree = "<group>"; };
		417146E52B1F36D200E91494 /* StartTextField.swift */ = {isa = PBXFileReference; lastKnownFileType = sourcecode.swift; path = StartTextField.swift; sourceTree = "<group>"; };
		41FCC8352B1EEC110024A928 /* CleanArea.app */ = {isa = PBXFileReference; explicitFileType = wrapper.application; includeInIndex = 0; path = CleanArea.app; sourceTree = BUILT_PRODUCTS_DIR; };
		41FCC8382B1EEC110024A928 /* CleanAreaApp.swift */ = {isa = PBXFileReference; lastKnownFileType = sourcecode.swift; path = CleanAreaApp.swift; sourceTree = "<group>"; };
		41FCC83A2B1EEC110024A928 /* ContentView.swift */ = {isa = PBXFileReference; lastKnownFileType = sourcecode.swift; path = ContentView.swift; sourceTree = "<group>"; };
		41FCC83C2B1EEC140024A928 /* Assets.xcassets */ = {isa = PBXFileReference; lastKnownFileType = folder.assetcatalog; path = Assets.xcassets; sourceTree = "<group>"; };
		41FCC83E2B1EEC140024A928 /* CleanArea.entitlements */ = {isa = PBXFileReference; lastKnownFileType = text.plist.entitlements; path = CleanArea.entitlements; sourceTree = "<group>"; };
		41FCC8402B1EEC140024A928 /* Preview Assets.xcassets */ = {isa = PBXFileReference; lastKnownFileType = folder.assetcatalog; path = "Preview Assets.xcassets"; sourceTree = "<group>"; };
		41FCC8492B1EF06E0024A928 /* StartView.swift */ = {isa = PBXFileReference; lastKnownFileType = sourcecode.swift; path = StartView.swift; sourceTree = "<group>"; };
		5C10AE3C2B202D5400408F18 /* ApiKeys.plist */ = {isa = PBXFileReference; lastKnownFileType = text.plist.xml; path = ApiKeys.plist; sourceTree = "<group>"; };
		5C10AE3E2B202D6000408F18 /* APIViewModel.swift */ = {isa = PBXFileReference; lastKnownFileType = sourcecode.swift; path = APIViewModel.swift; sourceTree = "<group>"; };
		5C10AE402B202D6800408F18 /* YouthPolicyListParser.swift */ = {isa = PBXFileReference; lastKnownFileType = sourcecode.swift; path = YouthPolicyListParser.swift; sourceTree = "<group>"; };
		5C10AE422B202D9D00408F18 /* APIModel.swift */ = {isa = PBXFileReference; lastKnownFileType = sourcecode.swift; path = APIModel.swift; sourceTree = "<group>"; };
		5C10AE442B203CEE00408F18 /* TestView.swift */ = {isa = PBXFileReference; lastKnownFileType = sourcecode.swift; path = TestView.swift; sourceTree = "<group>"; };
/* End PBXFileReference section */

/* Begin PBXFrameworksBuildPhase section */
		41FCC8322B1EEC110024A928 /* Frameworks */ = {
			isa = PBXFrameworksBuildPhase;
			buildActionMask = 2147483647;
			files = (
			);
			runOnlyForDeploymentPostprocessing = 0;
		};
/* End PBXFrameworksBuildPhase section */

/* Begin PBXGroup section */
		417146DD2B1F2F3A00E91494 /* iOS */ = {
			isa = PBXGroup;
			children = (
				417146DF2B1F2F5E00E91494 /* Start */,
				417146E02B1F2F6900E91494 /* Helpers */,
			);
			path = iOS;
			sourceTree = "<group>";
		};
		417146DF2B1F2F5E00E91494 /* Start */ = {
			isa = PBXGroup;
			children = (
				41FCC8492B1EF06E0024A928 /* StartView.swift */,
				417146E52B1F36D200E91494 /* StartTextField.swift */,
				417146E32B1F32D400E91494 /* StartVM.swift */,
			);
			path = Start;
			sourceTree = "<group>";
		};
		417146E02B1F2F6900E91494 /* Helpers */ = {
			isa = PBXGroup;
			children = (
				417146E12B1F30FE00E91494 /* TFStyleViewModifier.swift */,
			);
			path = Helpers;
			sourceTree = "<group>";
		};
		41FCC82C2B1EEC110024A928 = {
			isa = PBXGroup;
			children = (
				41FCC8372B1EEC110024A928 /* CleanArea */,
				41FCC8362B1EEC110024A928 /* Products */,
			);
			sourceTree = "<group>";
		};
		41FCC8362B1EEC110024A928 /* Products */ = {
			isa = PBXGroup;
			children = (
				41FCC8352B1EEC110024A928 /* CleanArea.app */,
			);
			name = Products;
			sourceTree = "<group>";
		};
		41FCC8372B1EEC110024A928 /* CleanArea */ = {
			isa = PBXGroup;
			children = (
				41FCC8382B1EEC110024A928 /* CleanAreaApp.swift */,
				41FCC83A2B1EEC110024A928 /* ContentView.swift */,
				5C10AE442B203CEE00408F18 /* TestView.swift */,
				417146DD2B1F2F3A00E91494 /* iOS */,
				5C10AE402B202D6800408F18 /* YouthPolicyListParser.swift */,
				5C10AE3E2B202D6000408F18 /* APIViewModel.swift */,
				5C10AE422B202D9D00408F18 /* APIModel.swift */,
				5C10AE3C2B202D5400408F18 /* ApiKeys.plist */,
				41FCC83C2B1EEC140024A928 /* Assets.xcassets */,
				41FCC83E2B1EEC140024A928 /* CleanArea.entitlements */,
				41FCC83F2B1EEC140024A928 /* Preview Content */,
			);
			path = CleanArea;
			sourceTree = "<group>";
		};
		41FCC83F2B1EEC140024A928 /* Preview Content */ = {
			isa = PBXGroup;
			children = (
				41FCC8402B1EEC140024A928 /* Preview Assets.xcassets */,
			);
			path = "Preview Content";
			sourceTree = "<group>";
		};
/* End PBXGroup section */

/* Begin PBXNativeTarget section */
		41FCC8342B1EEC110024A928 /* CleanArea */ = {
			isa = PBXNativeTarget;
			buildConfigurationList = 41FCC8442B1EEC140024A928 /* Build configuration list for PBXNativeTarget "CleanArea" */;
			buildPhases = (
				41FCC8312B1EEC110024A928 /* Sources */,
				41FCC8322B1EEC110024A928 /* Frameworks */,
				41FCC8332B1EEC110024A928 /* Resources */,
			);
			buildRules = (
			);
			dependencies = (
			);
			name = CleanArea;
			productName = CleanArea;
			productReference = 41FCC8352B1EEC110024A928 /* CleanArea.app */;
			productType = "com.apple.product-type.application";
		};
/* End PBXNativeTarget section */

/* Begin PBXProject section */
		41FCC82D2B1EEC110024A928 /* Project object */ = {
			isa = PBXProject;
			attributes = {
				BuildIndependentTargetsInParallel = 1;
				LastSwiftUpdateCheck = 1500;
				LastUpgradeCheck = 1500;
				TargetAttributes = {
					41FCC8342B1EEC110024A928 = {
						CreatedOnToolsVersion = 15.0.1;
					};
				};
			};
			buildConfigurationList = 41FCC8302B1EEC110024A928 /* Build configuration list for PBXProject "CleanArea" */;
			compatibilityVersion = "Xcode 14.0";
			developmentRegion = en;
			hasScannedForEncodings = 0;
			knownRegions = (
				en,
				Base,
			);
			mainGroup = 41FCC82C2B1EEC110024A928;
			productRefGroup = 41FCC8362B1EEC110024A928 /* Products */;
			projectDirPath = "";
			projectRoot = "";
			targets = (
				41FCC8342B1EEC110024A928 /* CleanArea */,
			);
		};
/* End PBXProject section */

/* Begin PBXResourcesBuildPhase section */
		41FCC8332B1EEC110024A928 /* Resources */ = {
			isa = PBXResourcesBuildPhase;
			buildActionMask = 2147483647;
			files = (
				41FCC8412B1EEC140024A928 /* Preview Assets.xcassets in Resources */,
				41FCC83D2B1EEC140024A928 /* Assets.xcassets in Resources */,
			);
			runOnlyForDeploymentPostprocessing = 0;
		};
/* End PBXResourcesBuildPhase section */

/* Begin PBXSourcesBuildPhase section */
		41FCC8312B1EEC110024A928 /* Sources */ = {
			isa = PBXSourcesBuildPhase;
			buildActionMask = 2147483647;
			files = (
				417146E42B1F32D400E91494 /* StartVM.swift in Sources */,
				41FCC84A2B1EF06E0024A928 /* StartView.swift in Sources */,
				5C10AE452B203CEE00408F18 /* TestView.swift in Sources */,
				417146E62B1F36D200E91494 /* StartTextField.swift in Sources */,
				417146E22B1F30FE00E91494 /* TFStyleViewModifier.swift in Sources */,
				41FCC83B2B1EEC110024A928 /* ContentView.swift in Sources */,
				41FCC8392B1EEC110024A928 /* CleanAreaApp.swift in Sources */,
				5C10AE3F2B202D6000408F18 /* APIViewModel.swift in Sources */,
				5C10AE432B202D9D00408F18 /* APIModel.swift in Sources */,
				5C10AE412B202D6800408F18 /* YouthPolicyListParser.swift in Sources */,
				5C10AE3D2B202D5400408F18 /* ApiKeys.plist in Sources */,
			);
			runOnlyForDeploymentPostprocessing = 0;
		};
/* End PBXSourcesBuildPhase section */

/* Begin XCBuildConfiguration section */
		41FCC8422B1EEC140024A928 /* Debug */ = {
			isa = XCBuildConfiguration;
			buildSettings = {
				ALWAYS_SEARCH_USER_PATHS = NO;
				ASSETCATALOG_COMPILER_GENERATE_SWIFT_ASSET_SYMBOL_EXTENSIONS = YES;
				CLANG_ANALYZER_NONNULL = YES;
				CLANG_ANALYZER_NUMBER_OBJECT_CONVERSION = YES_AGGRESSIVE;
				CLANG_CXX_LANGUAGE_STANDARD = "gnu++20";
				CLANG_ENABLE_MODULES = YES;
				CLANG_ENABLE_OBJC_ARC = YES;
				CLANG_ENABLE_OBJC_WEAK = YES;
				CLANG_WARN_BLOCK_CAPTURE_AUTORELEASING = YES;
				CLANG_WARN_BOOL_CONVERSION = YES;
				CLANG_WARN_COMMA = YES;
				CLANG_WARN_CONSTANT_CONVERSION = YES;
				CLANG_WARN_DEPRECATED_OBJC_IMPLEMENTATIONS = YES;
				CLANG_WARN_DIRECT_OBJC_ISA_USAGE = YES_ERROR;
				CLANG_WARN_DOCUMENTATION_COMMENTS = YES;
				CLANG_WARN_EMPTY_BODY = YES;
				CLANG_WARN_ENUM_CONVERSION = YES;
				CLANG_WARN_INFINITE_RECURSION = YES;
				CLANG_WARN_INT_CONVERSION = YES;
				CLANG_WARN_NON_LITERAL_NULL_CONVERSION = YES;
				CLANG_WARN_OBJC_IMPLICIT_RETAIN_SELF = YES;
				CLANG_WARN_OBJC_LITERAL_CONVERSION = YES;
				CLANG_WARN_OBJC_ROOT_CLASS = YES_ERROR;
				CLANG_WARN_QUOTED_INCLUDE_IN_FRAMEWORK_HEADER = YES;
				CLANG_WARN_RANGE_LOOP_ANALYSIS = YES;
				CLANG_WARN_STRICT_PROTOTYPES = YES;
				CLANG_WARN_SUSPICIOUS_MOVE = YES;
				CLANG_WARN_UNGUARDED_AVAILABILITY = YES_AGGRESSIVE;
				CLANG_WARN_UNREACHABLE_CODE = YES;
				CLANG_WARN__DUPLICATE_METHOD_MATCH = YES;
				COPY_PHASE_STRIP = NO;
				DEBUG_INFORMATION_FORMAT = dwarf;
				ENABLE_STRICT_OBJC_MSGSEND = YES;
				ENABLE_TESTABILITY = YES;
				ENABLE_USER_SCRIPT_SANDBOXING = YES;
				GCC_C_LANGUAGE_STANDARD = gnu17;
				GCC_DYNAMIC_NO_PIC = NO;
				GCC_NO_COMMON_BLOCKS = YES;
				GCC_OPTIMIZATION_LEVEL = 0;
				GCC_PREPROCESSOR_DEFINITIONS = (
					"DEBUG=1",
					"$(inherited)",
				);
				GCC_WARN_64_TO_32_BIT_CONVERSION = YES;
				GCC_WARN_ABOUT_RETURN_TYPE = YES_ERROR;
				GCC_WARN_UNDECLARED_SELECTOR = YES;
				GCC_WARN_UNINITIALIZED_AUTOS = YES_AGGRESSIVE;
				GCC_WARN_UNUSED_FUNCTION = YES;
				GCC_WARN_UNUSED_VARIABLE = YES;
				LOCALIZATION_PREFERS_STRING_CATALOGS = YES;
				MTL_ENABLE_DEBUG_INFO = INCLUDE_SOURCE;
				MTL_FAST_MATH = YES;
				ONLY_ACTIVE_ARCH = YES;
				SWIFT_ACTIVE_COMPILATION_CONDITIONS = "DEBUG $(inherited)";
				SWIFT_OPTIMIZATION_LEVEL = "-Onone";
			};
			name = Debug;
		};
		41FCC8432B1EEC140024A928 /* Release */ = {
			isa = XCBuildConfiguration;
			buildSettings = {
				ALWAYS_SEARCH_USER_PATHS = NO;
				ASSETCATALOG_COMPILER_GENERATE_SWIFT_ASSET_SYMBOL_EXTENSIONS = YES;
				CLANG_ANALYZER_NONNULL = YES;
				CLANG_ANALYZER_NUMBER_OBJECT_CONVERSION = YES_AGGRESSIVE;
				CLANG_CXX_LANGUAGE_STANDARD = "gnu++20";
				CLANG_ENABLE_MODULES = YES;
				CLANG_ENABLE_OBJC_ARC = YES;
				CLANG_ENABLE_OBJC_WEAK = YES;
				CLANG_WARN_BLOCK_CAPTURE_AUTORELEASING = YES;
				CLANG_WARN_BOOL_CONVERSION = YES;
				CLANG_WARN_COMMA = YES;
				CLANG_WARN_CONSTANT_CONVERSION = YES;
				CLANG_WARN_DEPRECATED_OBJC_IMPLEMENTATIONS = YES;
				CLANG_WARN_DIRECT_OBJC_ISA_USAGE = YES_ERROR;
				CLANG_WARN_DOCUMENTATION_COMMENTS = YES;
				CLANG_WARN_EMPTY_BODY = YES;
				CLANG_WARN_ENUM_CONVERSION = YES;
				CLANG_WARN_INFINITE_RECURSION = YES;
				CLANG_WARN_INT_CONVERSION = YES;
				CLANG_WARN_NON_LITERAL_NULL_CONVERSION = YES;
				CLANG_WARN_OBJC_IMPLICIT_RETAIN_SELF = YES;
				CLANG_WARN_OBJC_LITERAL_CONVERSION = YES;
				CLANG_WARN_OBJC_ROOT_CLASS = YES_ERROR;
				CLANG_WARN_QUOTED_INCLUDE_IN_FRAMEWORK_HEADER = YES;
				CLANG_WARN_RANGE_LOOP_ANALYSIS = YES;
				CLANG_WARN_STRICT_PROTOTYPES = YES;
				CLANG_WARN_SUSPICIOUS_MOVE = YES;
				CLANG_WARN_UNGUARDED_AVAILABILITY = YES_AGGRESSIVE;
				CLANG_WARN_UNREACHABLE_CODE = YES;
				CLANG_WARN__DUPLICATE_METHOD_MATCH = YES;
				COPY_PHASE_STRIP = NO;
				DEBUG_INFORMATION_FORMAT = "dwarf-with-dsym";
				ENABLE_NS_ASSERTIONS = NO;
				ENABLE_STRICT_OBJC_MSGSEND = YES;
				ENABLE_USER_SCRIPT_SANDBOXING = YES;
				GCC_C_LANGUAGE_STANDARD = gnu17;
				GCC_NO_COMMON_BLOCKS = YES;
				GCC_WARN_64_TO_32_BIT_CONVERSION = YES;
				GCC_WARN_ABOUT_RETURN_TYPE = YES_ERROR;
				GCC_WARN_UNDECLARED_SELECTOR = YES;
				GCC_WARN_UNINITIALIZED_AUTOS = YES_AGGRESSIVE;
				GCC_WARN_UNUSED_FUNCTION = YES;
				GCC_WARN_UNUSED_VARIABLE = YES;
				LOCALIZATION_PREFERS_STRING_CATALOGS = YES;
				MTL_ENABLE_DEBUG_INFO = NO;
				MTL_FAST_MATH = YES;
				SWIFT_COMPILATION_MODE = wholemodule;
			};
			name = Release;
		};
		41FCC8452B1EEC140024A928 /* Debug */ = {
			isa = XCBuildConfiguration;
			buildSettings = {
				ASSETCATALOG_COMPILER_APPICON_NAME = AppIcon;
				ASSETCATALOG_COMPILER_GLOBAL_ACCENT_COLOR_NAME = AccentColor;
				CODE_SIGN_ENTITLEMENTS = CleanArea/CleanArea.entitlements;
				CODE_SIGN_STYLE = Automatic;
				CURRENT_PROJECT_VERSION = 1;
				DEVELOPMENT_ASSET_PATHS = "\"CleanArea/Preview Content\"";
				DEVELOPMENT_TEAM = "";
				ENABLE_HARDENED_RUNTIME = YES;
				ENABLE_PREVIEWS = YES;
				GENERATE_INFOPLIST_FILE = YES;
				"INFOPLIST_KEY_UIApplicationSceneManifest_Generation[sdk=iphoneos*]" = YES;
				"INFOPLIST_KEY_UIApplicationSceneManifest_Generation[sdk=iphonesimulator*]" = YES;
				"INFOPLIST_KEY_UIApplicationSupportsIndirectInputEvents[sdk=iphoneos*]" = YES;
				"INFOPLIST_KEY_UIApplicationSupportsIndirectInputEvents[sdk=iphonesimulator*]" = YES;
				"INFOPLIST_KEY_UILaunchScreen_Generation[sdk=iphoneos*]" = YES;
				"INFOPLIST_KEY_UILaunchScreen_Generation[sdk=iphonesimulator*]" = YES;
				"INFOPLIST_KEY_UIStatusBarStyle[sdk=iphoneos*]" = UIStatusBarStyleDefault;
				"INFOPLIST_KEY_UIStatusBarStyle[sdk=iphonesimulator*]" = UIStatusBarStyleDefault;
				INFOPLIST_KEY_UISupportedInterfaceOrientations_iPad = "UIInterfaceOrientationPortrait UIInterfaceOrientationPortraitUpsideDown UIInterfaceOrientationLandscapeLeft UIInterfaceOrientationLandscapeRight";
				INFOPLIST_KEY_UISupportedInterfaceOrientations_iPhone = "UIInterfaceOrientationPortrait UIInterfaceOrientationLandscapeLeft UIInterfaceOrientationLandscapeRight";
				IPHONEOS_DEPLOYMENT_TARGET = 17.0;
				LD_RUNPATH_SEARCH_PATHS = "@executable_path/Frameworks";
				"LD_RUNPATH_SEARCH_PATHS[sdk=macosx*]" = "@executable_path/../Frameworks";
				MACOSX_DEPLOYMENT_TARGET = 14.0;
				MARKETING_VERSION = 1.0;
				PRODUCT_BUNDLE_IDENTIFIER = com.PJ2T6.CleanArea;
				PRODUCT_NAME = "$(TARGET_NAME)";
				SDKROOT = auto;
				SUPPORTED_PLATFORMS = "iphoneos iphonesimulator macosx";
				SWIFT_EMIT_LOC_STRINGS = YES;
				SWIFT_VERSION = 5.0;
				TARGETED_DEVICE_FAMILY = "1,2";
			};
			name = Debug;
		};
		41FCC8462B1EEC140024A928 /* Release */ = {
			isa = XCBuildConfiguration;
			buildSettings = {
				ASSETCATALOG_COMPILER_APPICON_NAME = AppIcon;
				ASSETCATALOG_COMPILER_GLOBAL_ACCENT_COLOR_NAME = AccentColor;
				CODE_SIGN_ENTITLEMENTS = CleanArea/CleanArea.entitlements;
				CODE_SIGN_STYLE = Automatic;
				CURRENT_PROJECT_VERSION = 1;
				DEVELOPMENT_ASSET_PATHS = "\"CleanArea/Preview Content\"";
				DEVELOPMENT_TEAM = "";
				ENABLE_HARDENED_RUNTIME = YES;
				ENABLE_PREVIEWS = YES;
				GENERATE_INFOPLIST_FILE = YES;
				"INFOPLIST_KEY_UIApplicationSceneManifest_Generation[sdk=iphoneos*]" = YES;
				"INFOPLIST_KEY_UIApplicationSceneManifest_Generation[sdk=iphonesimulator*]" = YES;
				"INFOPLIST_KEY_UIApplicationSupportsIndirectInputEvents[sdk=iphoneos*]" = YES;
				"INFOPLIST_KEY_UIApplicationSupportsIndirectInputEvents[sdk=iphonesimulator*]" = YES;
				"INFOPLIST_KEY_UILaunchScreen_Generation[sdk=iphoneos*]" = YES;
				"INFOPLIST_KEY_UILaunchScreen_Generation[sdk=iphonesimulator*]" = YES;
				"INFOPLIST_KEY_UIStatusBarStyle[sdk=iphoneos*]" = UIStatusBarStyleDefault;
				"INFOPLIST_KEY_UIStatusBarStyle[sdk=iphonesimulator*]" = UIStatusBarStyleDefault;
				INFOPLIST_KEY_UISupportedInterfaceOrientations_iPad = "UIInterfaceOrientationPortrait UIInterfaceOrientationPortraitUpsideDown UIInterfaceOrientationLandscapeLeft UIInterfaceOrientationLandscapeRight";
				INFOPLIST_KEY_UISupportedInterfaceOrientations_iPhone = "UIInterfaceOrientationPortrait UIInterfaceOrientationLandscapeLeft UIInterfaceOrientationLandscapeRight";
				IPHONEOS_DEPLOYMENT_TARGET = 17.0;
				LD_RUNPATH_SEARCH_PATHS = "@executable_path/Frameworks";
				"LD_RUNPATH_SEARCH_PATHS[sdk=macosx*]" = "@executable_path/../Frameworks";
				MACOSX_DEPLOYMENT_TARGET = 14.0;
				MARKETING_VERSION = 1.0;
				PRODUCT_BUNDLE_IDENTIFIER = com.PJ2T6.CleanArea;
				PRODUCT_NAME = "$(TARGET_NAME)";
				SDKROOT = auto;
				SUPPORTED_PLATFORMS = "iphoneos iphonesimulator macosx";
				SWIFT_EMIT_LOC_STRINGS = YES;
				SWIFT_VERSION = 5.0;
				TARGETED_DEVICE_FAMILY = "1,2";
			};
			name = Release;
		};
/* End XCBuildConfiguration section */

/* Begin XCConfigurationList section */
		41FCC8302B1EEC110024A928 /* Build configuration list for PBXProject "CleanArea" */ = {
			isa = XCConfigurationList;
			buildConfigurations = (
				41FCC8422B1EEC140024A928 /* Debug */,
				41FCC8432B1EEC140024A928 /* Release */,
			);
			defaultConfigurationIsVisible = 0;
			defaultConfigurationName = Release;
		};
		41FCC8442B1EEC140024A928 /* Build configuration list for PBXNativeTarget "CleanArea" */ = {
			isa = XCConfigurationList;
			buildConfigurations = (
				41FCC8452B1EEC140024A928 /* Debug */,
				41FCC8462B1EEC140024A928 /* Release */,
			);
			defaultConfigurationIsVisible = 0;
			defaultConfigurationName = Release;
		};
/* End XCConfigurationList section */
	};
	rootObject = 41FCC82D2B1EEC110024A928 /* Project object */;
}
